
Microsoft Visual Studio Solution File, Format Version 12.00
# Visual Studio Version 16
VisualStudioVersion = 16.0.30104.148
MinimumVisualStudioVersion = 10.0.40219.1
Project("{FAE04EC0-301F-11D3-BF4B-00C04F79EFBC}") = "PrettyBaked", "PrettyBaked.csproj", "{23901E20-F009-4C97-9396-80EB63CD62F2}"
EndProject
Global
	GlobalSection(SolutionConfigurationPlatforms) = preSolution
		Debug|Any CPU = Debug|Any CPU
		Release|Any CPU = Release|Any CPU
	EndGlobalSection
	GlobalSection(ProjectConfigurationPlatforms) = postSolution
		{23901E20-F009-4C97-9396-80EB63CD62F2}.Debug|Any CPU.ActiveCfg = Debug|Any CPU
		{23901E20-F009-4C97-9396-80EB63CD62F2}.Debug|Any CPU.Build.0 = Debug|Any CPU
		{23901E20-F009-4C97-9396-80EB63CD62F2}.Release|Any CPU.ActiveCfg = Release|Any CPU
		{23901E20-F009-4C97-9396-80EB63CD62F2}.Release|Any CPU.Build.0 = Release|Any CPU
	EndGlobalSection
	GlobalSection(SolutionProperties) = preSolution
		HideSolutionNode = FALSE
	EndGlobalSection
	GlobalSection(ExtensibilityGlobals) = postSolution
		SolutionGuid = {56C3F705-3351-4CC2-9AA3-72ABE17769E0}
	EndGlobalSection
EndGlobal
